
Microsoft Visual Studio Solution File, Format Version 12.00
# Visual Studio Version 17
VisualStudioVersion = 17.10.35027.167
MinimumVisualStudioVersion = 10.0.40219.1
Project("{9A19103F-16F7-4668-BE54-9A1E7A4F7556}") = "WebAppCrud", "WebAppCrud.csproj", "{95A905B4-C875-4744-B2DA-C91DB3E3A6F7}"
	ProjectSection(ProjectDependencies) = postProject
		{16532BCA-43AD-4BE4-BB69-B7A99CAD0611} = {16532BCA-43AD-4BE4-BB69-B7A99CAD0611}
	EndProjectSection
EndProject
Project("{9A19103F-16F7-4668-BE54-9A1E7A4F7556}") = "Domain", "..\Domain\Domain.csproj", "{4BF8299D-DAFF-45E2-BD2E-D32A3CBD91C6}"
EndProject
Project("{9A19103F-16F7-4668-BE54-9A1E7A4F7556}") = "DataAccess.SqlServer", "..\DataAccess.SqlServer\DataAccess.SqlServer.csproj", "{57231DEB-C2AC-4D6D-8902-AC1F0A3D3EFE}"
EndProject
Project("{9A19103F-16F7-4668-BE54-9A1E7A4F7556}") = "DataAccess.Sqlite", "..\DataAccess.Sqlite\DataAccess.Sqlite.csproj", "{16532BCA-43AD-4BE4-BB69-B7A99CAD0611}"
EndProject
Project("{9A19103F-16F7-4668-BE54-9A1E7A4F7556}") = "TestProject", "..\TestProject\TestProject.csproj", "{9BFE6B79-7DC9-401D-A45E-3A022B602607}"
EndProject
Global
	GlobalSection(SolutionConfigurationPlatforms) = preSolution
		Debug|Any CPU = Debug|Any CPU
		Release|Any CPU = Release|Any CPU
	EndGlobalSection
	GlobalSection(ProjectConfigurationPlatforms) = postSolution
		{95A905B4-C875-4744-B2DA-C91DB3E3A6F7}.Debug|Any CPU.ActiveCfg = Debug|Any CPU
		{95A905B4-C875-4744-B2DA-C91DB3E3A6F7}.Debug|Any CPU.Build.0 = Debug|Any CPU
		{95A905B4-C875-4744-B2DA-C91DB3E3A6F7}.Release|Any CPU.ActiveCfg = Release|Any CPU
		{95A905B4-C875-4744-B2DA-C91DB3E3A6F7}.Release|Any CPU.Build.0 = Release|Any CPU
		{4BF8299D-DAFF-45E2-BD2E-D32A3CBD91C6}.Debug|Any CPU.ActiveCfg = Debug|Any CPU
		{4BF8299D-DAFF-45E2-BD2E-D32A3CBD91C6}.Debug|Any CPU.Build.0 = Debug|Any CPU
		{4BF8299D-DAFF-45E2-BD2E-D32A3CBD91C6}.Release|Any CPU.ActiveCfg = Release|Any CPU
		{4BF8299D-DAFF-45E2-BD2E-D32A3CBD91C6}.Release|Any CPU.Build.0 = Release|Any CPU
		{57231DEB-C2AC-4D6D-8902-AC1F0A3D3EFE}.Debug|Any CPU.ActiveCfg = Debug|Any CPU
		{57231DEB-C2AC-4D6D-8902-AC1F0A3D3EFE}.Debug|Any CPU.Build.0 = Debug|Any CPU
		{57231DEB-C2AC-4D6D-8902-AC1F0A3D3EFE}.Release|Any CPU.ActiveCfg = Release|Any CPU
		{57231DEB-C2AC-4D6D-8902-AC1F0A3D3EFE}.Release|Any CPU.Build.0 = Release|Any CPU
		{16532BCA-43AD-4BE4-BB69-B7A99CAD0611}.Debug|Any CPU.ActiveCfg = Debug|Any CPU
		{16532BCA-43AD-4BE4-BB69-B7A99CAD0611}.Debug|Any CPU.Build.0 = Debug|Any CPU
		{16532BCA-43AD-4BE4-BB69-B7A99CAD0611}.Release|Any CPU.ActiveCfg = Release|Any CPU
		{16532BCA-43AD-4BE4-BB69-B7A99CAD0611}.Release|Any CPU.Build.0 = Release|Any CPU
		{9BFE6B79-7DC9-401D-A45E-3A022B602607}.Debug|Any CPU.ActiveCfg = Debug|Any CPU
		{9BFE6B79-7DC9-401D-A45E-3A022B602607}.Debug|Any CPU.Build.0 = Debug|Any CPU
		{9BFE6B79-7DC9-401D-A45E-3A022B602607}.Release|Any CPU.ActiveCfg = Release|Any CPU
		{9BFE6B79-7DC9-401D-A45E-3A022B602607}.Release|Any CPU.Build.0 = Release|Any CPU
	EndGlobalSection
	GlobalSection(SolutionProperties) = preSolution
		HideSolutionNode = FALSE
	EndGlobalSection
	GlobalSection(ExtensibilityGlobals) = postSolution
		SolutionGuid = {E146C908-F935-4BE2-BED6-90725A0AA6EE}
	EndGlobalSection
EndGlobal
